
Microsoft Visual Studio Solution File, Format Version 12.00
# Visual Studio 15
VisualStudioVersion = 15.0.26730.15
MinimumVisualStudioVersion = 10.0.40219.1
Project("{FAE04EC0-301F-11D3-BF4B-00C04F79EFBC}") = "INF1009", "INF1009\INF1009.csproj", "{6B7ECB3C-91BF-49D5-9586-5D9154EA8411}"
EndProject
Project("{2150E333-8FDC-42A3-9474-1A3956D46DE8}") = "Solution Items", "Solution Items", "{E210AAFB-AA02-49F4-BAC9-770C97BB61DE}"
EndProject
Global
	GlobalSection(SolutionConfigurationPlatforms) = preSolution
		Debug|Any CPU = Debug|Any CPU
		Release|Any CPU = Release|Any CPU
	EndGlobalSection
	GlobalSection(ProjectConfigurationPlatforms) = postSolution
		{6B7ECB3C-91BF-49D5-9586-5D9154EA8411}.Debug|Any CPU.ActiveCfg = Debug|Any CPU
		{6B7ECB3C-91BF-49D5-9586-5D9154EA8411}.Debug|Any CPU.Build.0 = Debug|Any CPU
		{6B7ECB3C-91BF-49D5-9586-5D9154EA8411}.Release|Any CPU.ActiveCfg = Release|Any CPU
		{6B7ECB3C-91BF-49D5-9586-5D9154EA8411}.Release|Any CPU.Build.0 = Release|Any CPU
	EndGlobalSection
	GlobalSection(SolutionProperties) = preSolution
		HideSolutionNode = FALSE
	EndGlobalSection
	GlobalSection(ExtensibilityGlobals) = postSolution
		SolutionGuid = {B76236D2-EBD3-48AA-874D-7AB54A4CB475}
	EndGlobalSection
EndGlobal
